
Microsoft Visual Studio Solution File, Format Version 12.00
# Visual Studio Version 17
VisualStudioVersion = 17.8.34408.163
MinimumVisualStudioVersion = 10.0.40219.1
Project("{FAE04EC0-301F-11D3-BF4B-00C04F79EFBC}") = "Car", "Car.csproj", "{1576F0AA-8F84-4002-B3A4-CDD2EB3908FF}"
EndProject
Global
	GlobalSection(SolutionConfigurationPlatforms) = preSolution
		Debug|Any CPU = Debug|Any CPU
		Release|Any CPU = Release|Any CPU
	EndGlobalSection
	GlobalSection(ProjectConfigurationPlatforms) = postSolution
		{1576F0AA-8F84-4002-B3A4-CDD2EB3908FF}.Debug|Any CPU.ActiveCfg = Debug|Any CPU
		{1576F0AA-8F84-4002-B3A4-CDD2EB3908FF}.Debug|Any CPU.Build.0 = Debug|Any CPU
		{1576F0AA-8F84-4002-B3A4-CDD2EB3908FF}.Release|Any CPU.ActiveCfg = Release|Any CPU
		{1576F0AA-8F84-4002-B3A4-CDD2EB3908FF}.Release|Any CPU.Build.0 = Release|Any CPU
	EndGlobalSection
	GlobalSection(SolutionProperties) = preSolution
		HideSolutionNode = FALSE
	EndGlobalSection
	GlobalSection(ExtensibilityGlobals) = postSolution
		SolutionGuid = {6ACBD6FE-74E9-4EC5-A852-9D2EC6E916B4}
	EndGlobalSection
EndGlobal
